github.com/Azure/go-ansiterm v0.0.0-20160622173216-fa152c58bc15 h1:VtP6TygBMvrR+SMMPHj3z3jvnj4vcafMRLIw4at7xww=
github.com/Azure/go-ansiterm v0.0.0-20160622173216-fa152c58bc15/go.mod h1:LmzpDX56iTiv29bbRTIsUNlaFfuhWRQBWjQdVyAevI8=
github.com/Microsoft/go-winio v0.3.7 h1:T7dpha9kMW6rtOcVSJTFwohN/g26R/dDC9tPwAncd6Y=
github.com/Microsoft/go-winio v0.3.7/go.mod h1:VhR8bwka0BXejwEJY73c50VrPtXAaKcyvVC4A4RozmA=
github.com/Sirupsen/logrus v0.11.1-0.20161202023507-881bee4e20a5 h1:FPg0BNxd7fCpXpINIi6LVP8cD/wfE2b13A29PEsdarg=
github.com/Sirupsen/logrus v0.11.1-0.20161202023507-881bee4e20a5/go.mod h1:rmk17hk6i8ZSAJkSDa7nOxamrG+SP4P0mm+DAvExv4U=
github.com/davecgh/go-spew v1.1.1 h1:vj9j/u1bqnvCEfJOwUhtlOARqs3+rkHYY13jYWTU97c=
github.com/davecgh/go-spew v1.1.1/go.mod h1:J7Y8YcW2NihsgmVo/mv3lAwl/skON4iLHjSsI+c5H38=
github.com/docker/docker v1.4.2-0.20161222233854-d1dfc1a5ef95 h1:ufRxyJbnXwXudenRZEhFXJSEZeM5rtcYhue5GsM5oSw=
github.com/docker/docker v1.4.2-0.20161222233854-d1dfc1a5ef95/go.mod h1:eEKB0N0r5NX/I1kEveEz05bcu8tLC/8azJZsviup8Sk=
github.com/docker/go-connections v0.2.2-0.20161115161849-4ccf312bf1d3 h1:VCLm/lLvGr+TZrbwXZgjXIaxzWrUm3znbjmWqL6Jq8s=
github.com/docker/go-connections v0.2.2-0.20161115161849-4ccf312bf1d3/go.mod h1:Gbd7IOopHjR8Iph03tsViu4nIes5XhDvyHbTtUxmeec=
github.com/docker/go-units v0.3.2-0.20161130221531-e30f1e79f3cd h1:8QqZD610wfMBlnZ+81Fn5e7I6+OfpeS4dSWvsZouXh8=
github.com/docker/go-units v0.3.2-0.20161130221531-e30f1e79f3cd/go.mod h1:fgPhTUdO+D/Jk86RDLlptpiXQzgHJF7gydDDbaIK4Dk=
github.com/fsouza/go-dockerclient v0.0.0-20161216020517-4a934a8fd3ec h1:o4xbDwLyFJpE69SJIrsVi/MKmv7oc0sXRSyvAjsIrRM=
github.com/fsouza/go-dockerclient v0.0.0-20161216020517-4a934a8fd3ec/go.mod h1:KpcjM623fQYE9MZiTGzKhjfxXAV9wbyX2C1cyRHfhl0=
github.com/hashicorp/go-cleanhttp v0.0.0-20160407174126-ad28ea4487f0 h1:2l0haPDqCzZEO160UR5DSrrl8RWptFCoxFsSbRLJBaI=
github.com/hashicorp/go-cleanhttp v0.0.0-20160407174126-ad28ea4487f0/go.mod h1:JpRdi6/HCYpAwUzNwuwqhbovhLtngrth3wmdIIUrZ80=
github.com/jessevdk/go-flags v1.1.1-0.20161215105708-4e64e4a4e255 h1:oUQbrPd4yBNW6O9OYHE8L0umjyjIYqyXKhvdoJWdoEE=
github.com/jessevdk/go-flags v1.1.1-0.20161215105708-4e64e4a4e255/go.mod h1:4FA24M0QyGHXBuZZK/XkWh8h0e1EYbRYJSGM75WSRxI=
github.com/opencontainers/runc v1.0.0-rc2.0.20161222223230-303f9a5ebb0c h1:mwMzWyWYGjZEc0szc86gd+WKv0pfq1uxdzSCfyQzNl4=
github.com/opencontainers/runc v1.0.0-rc2.0.20161222223230-303f9a5ebb0c/go.mod h1:qT5XzbpPznkRYVz/mWwUaVBUv2rmF59PVA73FjuZG0U=
github.com/pmezard/go-difflib v1.0.0 h1:4DBwDE0NGyQoBHbLQYPwSUPoCMWR5BEzIk/f1lZbAQM=
github.com/pmezard/go-difflib v1.0.0/go.mod h1:iKH77koFhYxTK1pcRnkKkqfTogsbg7gZNVY4sRDYZ/4=
github.com/stretchr/testify v1.1.5-0.20161217200445-2402e8e7a02f h1:xvdAWoe6QxPIuElLfcPOsI/M/Shgaq0LGavn/8vcXro=
github.com/stretchr/testify v1.1.5-0.20161217200445-2402e8e7a02f/go.mod h1:a8OnRcib4nhh0OaRAV+Yts87kKdq0PP7pXfy6kDkUVs=
golang.org/x/net v0.0.0-20161215194249-45e771701b81 h1:fw6vKYqWlQqaVrIv7KcFK8YHLSj7xKY86A9h28yw1ws=
golang.org/x/net v0.0.0-20161215194249-45e771701b81/go.mod h1:mL1N/T3taQHkDXs73rZJwtUhF3w3ftmwwsq0BUmARs4=
golang.org/x/sys v0.0.0-20161214190518-d75a52659825 h1:4d9VvrP9mESHxCpAwE1G5e1D8Ybj9v7pX19HkGQV0lk=
golang.org/x/sys v0.0.0-20161214190518-d75a52659825/go.mod h1:STP8DvDyc/dI5b8T5hshtkjS+E42TnysNCUPdjciGhY=
